// !$*UTF8*$!
{
	archiveVersion = 1;
	classes = {
	};
	objectVersion = 46;
	objects = {

/* Begin PBXBuildFile section */
		1DDD58160DA1D0A300B32029 /* MainMenu.xib in Resources */ = {isa = PBXBuildFile; fileRef = 1DDD58140DA1D0A300B32029 /* MainMenu.xib */; };
		256AC3DA0F4B6AC300CF3369 /* BetaBuilderAppDelegate.m in Sources */ = {isa = PBXBuildFile; fileRef = 256AC3D90F4B6AC300CF3369 /* BetaBuilderAppDelegate.m */; };
		5A23434A1211AB1F0098AAB8 /* ioapi.c in Sources */ = {isa = PBXBuildFile; fileRef = 5A2343401211AB1F0098AAB8 /* ioapi.c */; };
		5A23434B1211AB1F0098AAB8 /* mztools.c in Sources */ = {isa = PBXBuildFile; fileRef = 5A2343421211AB1F0098AAB8 /* mztools.c */; };
		5A23434C1211AB1F0098AAB8 /* unzip.c in Sources */ = {isa = PBXBuildFile; fileRef = 5A2343441211AB1F0098AAB8 /* unzip.c */; };
		5A23434D1211AB1F0098AAB8 /* zip.c in Sources */ = {isa = PBXBuildFile; fileRef = 5A2343461211AB1F0098AAB8 /* zip.c */; };
		5A23434E1211AB1F0098AAB8 /* ZipArchive.mm in Sources */ = {isa = PBXBuildFile; fileRef = 5A2343491211AB1F0098AAB8 /* ZipArchive.mm */; };
		5A3D919113B2468900FD85A2 /* libz.dylib in Frameworks */ = {isa = PBXBuildFile; fileRef = 5A3D919013B2468900FD85A2 /* libz.dylib */; };
		5A6C75B812E4C65C0050AA2B /* HISTORY in Resources */ = {isa = PBXBuildFile; fileRef = 5A6C75B712E4C65C0050AA2B /* HISTORY */; };
		5A8F042612E613040087F51C /* NSFileManager+DirectoryLocations.m in Sources */ = {isa = PBXBuildFile; fileRef = 5A8F042512E613040087F51C /* NSFileManager+DirectoryLocations.m */; };
		5AA4E39D120DE13300385530 /* BuilderController.m in Sources */ = {isa = PBXBuildFile; fileRef = 5AA4E39C120DE13300385530 /* BuilderController.m */; };
		5AA4E409120DE84F00385530 /* index_template.html in Resources */ = {isa = PBXBuildFile; fileRef = 5AA4E408120DE84F00385530 /* index_template.html */; };
		5AA4E491120DF21D00385530 /* README in Resources */ = {isa = PBXBuildFile; fileRef = 5AA4E490120DF21D00385530 /* README */; };
		5AB3C6151224870100778CFC /* Credits.html in Resources */ = {isa = PBXBuildFile; fileRef = 5AB3C6141224870100778CFC /* Credits.html */; };
		5ACAEBFE138D6CED00BED0F7 /* BetaBuilderWindow.m in Sources */ = {isa = PBXBuildFile; fileRef = 5ACAEBFD138D6CED00BED0F7 /* BetaBuilderWindow.m */; };
		5ACEC915125FD37F009864D8 /* betabuilder.icns in Resources */ = {isa = PBXBuildFile; fileRef = 5ACEC914125FD37F009864D8 /* betabuilder.icns */; };
		8D11072B0486CEB800E47090 /* InfoPlist.strings in Resources */ = {isa = PBXBuildFile; fileRef = 089C165CFE840E0CC02AAC07 /* InfoPlist.strings */; };
		8D11072D0486CEB800E47090 /* main.m in Sources */ = {isa = PBXBuildFile; fileRef = 29B97316FDCFA39411CA2CEA /* main.m */; settings = {ATTRIBUTES = (); }; };
		8D11072F0486CEB800E47090 /* Cocoa.framework in Frameworks */ = {isa = PBXBuildFile; fileRef = 1058C7A1FEA54F0111CA2CBB /* Cocoa.framework */; };
/* End PBXBuildFile section */

/* Begin PBXFileReference section */
		089C165DFE840E0CC02AAC07 /* English */ = {isa = PBXFileReference; fileEncoding = 4; lastKnownFileType = text.plist.strings; name = English; path = English.lproj/InfoPlist.strings; sourceTree = "<group>"; };
		1058C7A1FEA54F0111CA2CBB /* Cocoa.framework */ = {isa = PBXFileReference; lastKnownFileType = wrapper.framework; name = Cocoa.framework; path = /System/Library/Frameworks/Cocoa.framework; sourceTree = "<absolute>"; };
		13E42FB307B3F0F600E4EEF1 /* CoreData.framework */ = {isa = PBXFileReference; lastKnownFileType = wrapper.framework; name = CoreData.framework; path = /System/Library/Frameworks/CoreData.framework; sourceTree = "<absolute>"; };
		1DDD58150DA1D0A300B32029 /* English */ = {isa = PBXFileReference; lastKnownFileType = file.xib; name = English; path = English.lproj/MainMenu.xib; sourceTree = "<group>"; };
		256AC3D80F4B6AC300CF3369 /* BetaBuilderAppDelegate.h */ = {isa = PBXFileReference; fileEncoding = 4; lastKnownFileType = sourcecode.c.h; path = BetaBuilderAppDelegate.h; sourceTree = "<group>"; };
		256AC3D90F4B6AC300CF3369 /* BetaBuilderAppDelegate.m */ = {isa = PBXFileReference; fileEncoding = 4; lastKnownFileType = sourcecode.c.objc; path = BetaBuilderAppDelegate.m; sourceTree = "<group>"; };
		256AC3F00F4B6AF500CF3369 /* BetaBuilder_Prefix.pch */ = {isa = PBXFileReference; fileEncoding = 4; lastKnownFileType = sourcecode.c.h; path = BetaBuilder_Prefix.pch; sourceTree = "<group>"; };
		29B97316FDCFA39411CA2CEA /* main.m */ = {isa = PBXFileReference; fileEncoding = 4; lastKnownFileType = sourcecode.c.objc; path = main.m; sourceTree = "<group>"; };
		29B97324FDCFA39411CA2CEA /* AppKit.framework */ = {isa = PBXFileReference; lastKnownFileType = wrapper.framework; name = AppKit.framework; path = /System/Library/Frameworks/AppKit.framework; sourceTree = "<absolute>"; };
		29B97325FDCFA39411CA2CEA /* Foundation.framework */ = {isa = PBXFileReference; lastKnownFileType = wrapper.framework; name = Foundation.framework; path = /System/Library/Frameworks/Foundation.framework; sourceTree = "<absolute>"; };
		5A23433F1211AB1F0098AAB8 /* crypt.h */ = {isa = PBXFileReference; fileEncoding = 4; lastKnownFileType = sourcecode.c.h; path = crypt.h; sourceTree = "<group>"; };
		5A2343401211AB1F0098AAB8 /* ioapi.c */ = {isa = PBXFileReference; fileEncoding = 4; lastKnownFileType = sourcecode.c.c; path = ioapi.c; sourceTree = "<group>"; };
		5A2343411211AB1F0098AAB8 /* ioapi.h */ = {isa = PBXFileReference; fileEncoding = 4; lastKnownFileType = sourcecode.c.h; path = ioapi.h; sourceTree = "<group>"; };
		5A2343421211AB1F0098AAB8 /* mztools.c */ = {isa = PBXFileReference; fileEncoding = 4; lastKnownFileType = sourcecode.c.c; path = mztools.c; sourceTree = "<group>"; };
		5A2343431211AB1F0098AAB8 /* mztools.h */ = {isa = PBXFileReference; fileEncoding = 4; lastKnownFileType = sourcecode.c.h; path = mztools.h; sourceTree = "<group>"; };
		5A2343441211AB1F0098AAB8 /* unzip.c */ = {isa = PBXFileReference; fileEncoding = 4; lastKnownFileType = sourcecode.c.c; path = unzip.c; sourceTree = "<group>"; };
		5A2343451211AB1F0098AAB8 /* unzip.h */ = {isa = PBXFileReference; fileEncoding = 4; lastKnownFileType = sourcecode.c.h; path = unzip.h; sourceTree = "<group>"; };
		5A2343461211AB1F0098AAB8 /* zip.c */ = {isa = PBXFileReference; fileEncoding = 4; lastKnownFileType = sourcecode.c.c; path = zip.c; sourceTree = "<group>"; };
		5A2343471211AB1F0098AAB8 /* zip.h */ = {isa = PBXFileReference; fileEncoding = 4; lastKnownFileType = sourcecode.c.h; path = zip.h; sourceTree = "<group>"; };
		5A2343481211AB1F0098AAB8 /* ZipArchive.h */ = {isa = PBXFileReference; fileEncoding = 4; lastKnownFileType = sourcecode.c.h; path = ZipArchive.h; sourceTree = "<group>"; };
		5A2343491211AB1F0098AAB8 /* ZipArchive.mm */ = {isa = PBXFileReference; fileEncoding = 4; lastKnownFileType = sourcecode.cpp.objcpp; path = ZipArchive.mm; sourceTree = "<group>"; };
		5A3D919013B2468900FD85A2 /* libz.dylib */ = {isa = PBXFileReference; lastKnownFileType = "compiled.mach-o.dylib"; name = libz.dylib; path = usr/lib/libz.dylib; sourceTree = SDKROOT; };
		5A6C75B712E4C65C0050AA2B /* HISTORY */ = {isa = PBXFileReference; fileEncoding = 4; lastKnownFileType = text; path = HISTORY; sourceTree = "<group>"; };
		5A8F042412E613040087F51C /* NSFileManager+DirectoryLocations.h */ = {isa = PBXFileReference; fileEncoding = 4; lastKnownFileType = sourcecode.c.h; path = "NSFileManager+DirectoryLocations.h"; sourceTree = "<group>"; };
		5A8F042512E613040087F51C /* NSFileManager+DirectoryLocations.m */ = {isa = PBXFileReference; fileEncoding = 4; lastKnownFileType = sourcecode.c.objc; path = "NSFileManager+DirectoryLocations.m"; sourceTree = "<group>"; };
		5AA4E39B120DE13300385530 /* BuilderController.h */ = {isa = PBXFileReference; fileEncoding = 4; lastKnownFileType = sourcecode.c.h; path = BuilderController.h; sourceTree = "<group>"; };
		5AA4E39C120DE13300385530 /* BuilderController.m */ = {isa = PBXFileReference; fileEncoding = 4; lastKnownFileType = sourcecode.c.objc; path = BuilderController.m; sourceTree = "<group>"; };
		5AA4E408120DE84F00385530 /* index_template.html */ = {isa = PBXFileReference; fileEncoding = 4; lastKnownFileType = text.html; path = index_template.html; sourceTree = "<group>"; };
		5AA4E490120DF21D00385530 /* README */ = {isa = PBXFileReference; fileEncoding = 4; lastKnownFileType = text; path = README; sourceTree = "<group>"; };
		5AB3C6141224870100778CFC /* Credits.html */ = {isa = PBXFileReference; fileEncoding = 4; lastKnownFileType = text.html; path = Credits.html; sourceTree = "<group>"; };
		5ACAEBFC138D6CED00BED0F7 /* BetaBuilderWindow.h */ = {isa = PBXFileReference; fileEncoding = 4; lastKnownFileType = sourcecode.c.h; path = BetaBuilderWindow.h; sourceTree = "<group>"; };
		5ACAEBFD138D6CED00BED0F7 /* BetaBuilderWindow.m */ = {isa = PBXFileReference; fileEncoding = 4; lastKnownFileType = sourcecode.c.objc; path = BetaBuilderWindow.m; sourceTree = "<group>"; };
		5ACEC914125FD37F009864D8 /* betabuilder.icns */ = {isa = PBXFileReference; lastKnownFileType = image.icns; path = betabuilder.icns; sourceTree = "<group>"; };
		8D1107310486CEB800E47090 /* BetaBuilder-Info.plist */ = {isa = PBXFileReference; fileEncoding = 4; lastKnownFileType = text.plist.xml; path = "BetaBuilder-Info.plist"; sourceTree = "<group>"; };
		8D1107320486CEB800E47090 /* BetaBuilder for iOS Apps.app */ = {isa = PBXFileReference; explicitFileType = wrapper.application; includeInIndex = 0; path = "BetaBuilder for iOS Apps.app"; sourceTree = BUILT_PRODUCTS_DIR; };
/* End PBXFileReference section */

/* Begin PBXFrameworksBuildPhase section */
		8D11072E0486CEB800E47090 /* Frameworks */ = {
			isa = PBXFrameworksBuildPhase;
			buildActionMask = 2147483647;
			files = (
				5A3D919113B2468900FD85A2 /* libz.dylib in Frameworks */,
				8D11072F0486CEB800E47090 /* Cocoa.framework in Frameworks */,
			);
			runOnlyForDeploymentPostprocessing = 0;
		};
/* End PBXFrameworksBuildPhase section */

/* Begin PBXGroup section */
		080E96DDFE201D6D7F000001 /* Classes */ = {
			isa = PBXGroup;
			children = (
				5A8F042312E612F10087F51C /* Categories */,
				5A23433D1211AB1F0098AAB8 /* ZipArchive */,
				256AC3D80F4B6AC300CF3369 /* BetaBuilderAppDelegate.h */,
				256AC3D90F4B6AC300CF3369 /* BetaBuilderAppDelegate.m */,
				5AA4E39B120DE13300385530 /* BuilderController.h */,
				5AA4E39C120DE13300385530 /* BuilderController.m */,
				5ACAEBFC138D6CED00BED0F7 /* BetaBuilderWindow.h */,
				5ACAEBFD138D6CED00BED0F7 /* BetaBuilderWindow.m */,
			);
			name = Classes;
			sourceTree = "<group>";
		};
		1058C7A0FEA54F0111CA2CBB /* Linked Frameworks */ = {
			isa = PBXGroup;
			children = (
				5A3D919013B2468900FD85A2 /* libz.dylib */,
				1058C7A1FEA54F0111CA2CBB /* Cocoa.framework */,
			);
			name = "Linked Frameworks";
			sourceTree = "<group>";
		};
		1058C7A2FEA54F0111CA2CBB /* Other Frameworks */ = {
			isa = PBXGroup;
			children = (
				29B97324FDCFA39411CA2CEA /* AppKit.framework */,
				13E42FB307B3F0F600E4EEF1 /* CoreData.framework */,
				29B97325FDCFA39411CA2CEA /* Foundation.framework */,
			);
			name = "Other Frameworks";
			sourceTree = "<group>";
		};
		19C28FACFE9D520D11CA2CBB /* Products */ = {
			isa = PBXGroup;
			children = (
				8D1107320486CEB800E47090 /* BetaBuilder for iOS Apps.app */,
			);
			name = Products;
			sourceTree = "<group>";
		};
		29B97314FDCFA39411CA2CEA /* BetaBuilder */ = {
			isa = PBXGroup;
			children = (
				080E96DDFE201D6D7F000001 /* Classes */,
				29B97315FDCFA39411CA2CEA /* Other Sources */,
				29B97317FDCFA39411CA2CEA /* Resources */,
				29B97323FDCFA39411CA2CEA /* Frameworks */,
				19C28FACFE9D520D11CA2CBB /* Products */,
			);
			name = BetaBuilder;
			sourceTree = "<group>";
		};
		29B97315FDCFA39411CA2CEA /* Other Sources */ = {
			isa = PBXGroup;
			children = (
				256AC3F00F4B6AF500CF3369 /* BetaBuilder_Prefix.pch */,
				29B97316FDCFA39411CA2CEA /* main.m */,
			);
			name = "Other Sources";
			sourceTree = "<group>";
		};
		29B97317FDCFA39411CA2CEA /* Resources */ = {
			isa = PBXGroup;
			children = (
				5A6C75B712E4C65C0050AA2B /* HISTORY */,
				5ACEC914125FD37F009864D8 /* betabuilder.icns */,
				8D1107310486CEB800E47090 /* BetaBuilder-Info.plist */,
				089C165CFE840E0CC02AAC07 /* InfoPlist.strings */,
				1DDD58140DA1D0A300B32029 /* MainMenu.xib */,
				5AA4E408120DE84F00385530 /* index_template.html */,
				5AA4E490120DF21D00385530 /* README */,
				5AB3C6141224870100778CFC /* Credits.html */,
			);
			name = Resources;
			sourceTree = "<group>";
		};
		29B97323FDCFA39411CA2CEA /* Frameworks */ = {
			isa = PBXGroup;
			children = (
				1058C7A0FEA54F0111CA2CBB /* Linked Frameworks */,
				1058C7A2FEA54F0111CA2CBB /* Other Frameworks */,
			);
			name = Frameworks;
			sourceTree = "<group>";
		};
		5A23433D1211AB1F0098AAB8 /* ZipArchive */ = {
			isa = PBXGroup;
			children = (
				5A23433E1211AB1F0098AAB8 /* minizip */,
				5A2343481211AB1F0098AAB8 /* ZipArchive.h */,
				5A2343491211AB1F0098AAB8 /* ZipArchive.mm */,
			);
			path = ZipArchive;
			sourceTree = "<group>";
		};
		5A23433E1211AB1F0098AAB8 /* minizip */ = {
			isa = PBXGroup;
			children = (
				5A23433F1211AB1F0098AAB8 /* crypt.h */,
				5A2343401211AB1F0098AAB8 /* ioapi.c */,
				5A2343411211AB1F0098AAB8 /* ioapi.h */,
				5A2343421211AB1F0098AAB8 /* mztools.c */,
				5A2343431211AB1F0098AAB8 /* mztools.h */,
				5A2343441211AB1F0098AAB8 /* unzip.c */,
				5A2343451211AB1F0098AAB8 /* unzip.h */,
				5A2343461211AB1F0098AAB8 /* zip.c */,
				5A2343471211AB1F0098AAB8 /* zip.h */,
			);
			path = minizip;
			sourceTree = "<group>";
		};
		5A8F042312E612F10087F51C /* Categories */ = {
			isa = PBXGroup;
			children = (
				5A8F042412E613040087F51C /* NSFileManager+DirectoryLocations.h */,
				5A8F042512E613040087F51C /* NSFileManager+DirectoryLocations.m */,
			);
			name = Categories;
			sourceTree = "<group>";
		};
/* End PBXGroup section */

/* Begin PBXNativeTarget section */
		8D1107260486CEB800E47090 /* BetaBuilder */ = {
			isa = PBXNativeTarget;
			buildConfigurationList = C01FCF4A08A954540054247B /* Build configuration list for PBXNativeTarget "BetaBuilder" */;
			buildPhases = (
				8D1107290486CEB800E47090 /* Resources */,
				8D11072C0486CEB800E47090 /* Sources */,
				8D11072E0486CEB800E47090 /* Frameworks */,
			);
			buildRules = (
			);
			dependencies = (
			);
			name = BetaBuilder;
			productInstallPath = "$(HOME)/Applications";
			productName = BetaBuilder;
			productReference = 8D1107320486CEB800E47090 /* BetaBuilder for iOS Apps.app */;
			productType = "com.apple.product-type.application";
		};
/* End PBXNativeTarget section */

/* Begin PBXProject section */
		29B97313FDCFA39411CA2CEA /* Project object */ = {
			isa = PBXProject;
			attributes = {
				LastUpgradeCheck = 0420;
			};
			buildConfigurationList = C01FCF4E08A954540054247B /* Build configuration list for PBXProject "BetaBuilder" */;
			compatibilityVersion = "Xcode 3.2";
			developmentRegion = English;
			hasScannedForEncodings = 1;
			knownRegions = (
				English,
				Japanese,
				French,
				German,
			);
			mainGroup = 29B97314FDCFA39411CA2CEA /* BetaBuilder */;
			projectDirPath = "";
			projectRoot = "";
			targets = (
				8D1107260486CEB800E47090 /* BetaBuilder */,
			);
		};
/* End PBXProject section */

/* Begin PBXResourcesBuildPhase section */
		8D1107290486CEB800E47090 /* Resources */ = {
			isa = PBXResourcesBuildPhase;
			buildActionMask = 2147483647;
			files = (
				8D11072B0486CEB800E47090 /* InfoPlist.strings in Resources */,
				1DDD58160DA1D0A300B32029 /* MainMenu.xib in Resources */,
				5AA4E409120DE84F00385530 /* index_template.html in Resources */,
				5AA4E491120DF21D00385530 /* README in Resources */,
				5AB3C6151224870100778CFC /* Credits.html in Resources */,
				5ACEC915125FD37F009864D8 /* betabuilder.icns in Resources */,
				5A6C75B812E4C65C0050AA2B /* HISTORY in Resources */,
			);
			runOnlyForDeploymentPostprocessing = 0;
		};
/* End PBXResourcesBuildPhase section */

/* Begin PBXSourcesBuildPhase section */
		8D11072C0486CEB800E47090 /* Sources */ = {
			isa = PBXSourcesBuildPhase;
			buildActionMask = 2147483647;
			files = (
				8D11072D0486CEB800E47090 /* main.m in Sources */,
				256AC3DA0F4B6AC300CF3369 /* BetaBuilderAppDelegate.m in Sources */,
				5AA4E39D120DE13300385530 /* BuilderController.m in Sources */,
				5A23434A1211AB1F0098AAB8 /* ioapi.c in Sources */,
				5A23434B1211AB1F0098AAB8 /* mztools.c in Sources */,
				5A23434C1211AB1F0098AAB8 /* unzip.c in Sources */,
				5A23434D1211AB1F0098AAB8 /* zip.c in Sources */,
				5A23434E1211AB1F0098AAB8 /* ZipArchive.mm in Sources */,
				5A8F042612E613040087F51C /* NSFileManager+DirectoryLocations.m in Sources */,
				5ACAEBFE138D6CED00BED0F7 /* BetaBuilderWindow.m in Sources */,
			);
			runOnlyForDeploymentPostprocessing = 0;
		};
/* End PBXSourcesBuildPhase section */

/* Begin PBXVariantGroup section */
		089C165CFE840E0CC02AAC07 /* InfoPlist.strings */ = {
			isa = PBXVariantGroup;
			children = (
				089C165DFE840E0CC02AAC07 /* English */,
			);
			name = InfoPlist.strings;
			sourceTree = "<group>";
		};
		1DDD58140DA1D0A300B32029 /* MainMenu.xib */ = {
			isa = PBXVariantGroup;
			children = (
				1DDD58150DA1D0A300B32029 /* English */,
			);
			name = MainMenu.xib;
			sourceTree = "<group>";
		};
/* End PBXVariantGroup section */

/* Begin XCBuildConfiguration section */
		C01FCF4B08A954540054247B /* Debug */ = {
			isa = XCBuildConfiguration;
			buildSettings = {
				ALWAYS_SEARCH_USER_PATHS = NO;
				CODE_SIGN_IDENTITY = "";
				COPY_PHASE_STRIP = NO;
				GCC_DYNAMIC_NO_PIC = NO;
				GCC_ENABLE_OBJC_GC = required;
				GCC_MODEL_TUNING = G5;
				GCC_OPTIMIZATION_LEVEL = 0;
				GCC_PRECOMPILE_PREFIX_HEADER = YES;
				GCC_PREFIX_HEADER = BetaBuilder_Prefix.pch;
				INFOPLIST_FILE = "BetaBuilder-Info.plist";
				INSTALL_PATH = "$(HOME)/Applications";
				MACOSX_DEPLOYMENT_TARGET = 10.6;
				PRODUCT_NAME = "BetaBuilder for iOS Apps";
			};
			name = Debug;
		};
		C01FCF4C08A954540054247B /* Release */ = {
			isa = XCBuildConfiguration;
			buildSettings = {
				ALWAYS_SEARCH_USER_PATHS = NO;
				CODE_SIGN_IDENTITY = "Mac Developer: Hunter Hillegas (LNUUFFK3WN)";
				DEBUG_INFORMATION_FORMAT = "dwarf-with-dsym";
				GCC_ENABLE_OBJC_GC = required;
				GCC_MODEL_TUNING = G5;
				GCC_PRECOMPILE_PREFIX_HEADER = YES;
				GCC_PREFIX_HEADER = BetaBuilder_Prefix.pch;
				INFOPLIST_FILE = "BetaBuilder-Info.plist";
				INSTALL_PATH = "$(HOME)/Applications";
				MACOSX_DEPLOYMENT_TARGET = 10.6;
				PRODUCT_NAME = "BetaBuilder for iOS Apps";
				PROVISIONING_PROFILE = "30168D9E-8F02-4C53-A174-65A71A9C2942";
			};
			name = Release;
		};
		C01FCF4F08A954540054247B /* Debug */ = {
			isa = XCBuildConfiguration;
			buildSettings = {
				ARCHS = "$(ARCHS_STANDARD_32_64_BIT)";
				CODE_SIGN_IDENTITY = "3rd Party Mac Developer Application: Hunter Hillegas";
				DEBUG_INFORMATION_FORMAT = "dwarf-with-dsym";
				GCC_C_LANGUAGE_STANDARD = gnu99;
				GCC_OPTIMIZATION_LEVEL = 0;
				GCC_WARN_ABOUT_RETURN_TYPE = YES;
				GCC_WARN_UNUSED_VARIABLE = YES;
				ONLY_ACTIVE_ARCH = YES;
				SDKROOT = macosx;
				VALID_ARCHS = "i386 x86_64";
			};
			name = Debug;
		};
		C01FCF5008A954540054247B /* Release */ = {
			isa = XCBuildConfiguration;
			buildSettings = {
				ARCHS = "$(ARCHS_STANDARD_32_64_BIT)";
				CODE_SIGN_IDENTITY = "3rd Party Mac Developer Application: Hunter Hillegas";
				DEBUG_INFORMATION_FORMAT = "dwarf-with-dsym";
				GCC_C_LANGUAGE_STANDARD = gnu99;
				GCC_WARN_ABOUT_RETURN_TYPE = YES;
				GCC_WARN_UNUSED_VARIABLE = YES;
				SDKROOT = macosx;
				VALID_ARCHS = "i386 x86_64";
			};
			name = Release;
		};
/* End XCBuildConfiguration section */

/* Begin XCConfigurationList section */
		C01FCF4A08A954540054247B /* Build configuration list for PBXNativeTarget "BetaBuilder" */ = {
			isa = XCConfigurationList;
			buildConfigurations = (
				C01FCF4B08A954540054247B /* Debug */,
				C01FCF4C08A954540054247B /* Release */,
			);
			defaultConfigurationIsVisible = 0;
			defaultConfigurationName = Release;
		};
		C01FCF4E08A954540054247B /* Build configuration list for PBXProject "BetaBuilder" */ = {
			isa = XCConfigurationList;
			buildConfigurations = (
				C01FCF4F08A954540054247B /* Debug */,
				C01FCF5008A954540054247B /* Release */,
			);
			defaultConfigurationIsVisible = 0;
			defaultConfigurationName = Release;
		};
/* End XCConfigurationList section */
	};
	rootObject = 29B97313FDCFA39411CA2CEA /* Project object */;
}
