// !$*UTF8*$!
{
	archiveVersion = 1;
	classes = {
	};
	objectVersion = 45;
	objects = {

/* Begin PBXBuildFile section */
		0138070212A72B4B007914E0 /* libicucore.A.dylib in Frameworks */ = {isa = PBXBuildFile; fileRef = 013806FA12A72B4B007914E0 /* libicucore.A.dylib */; };
		0138070312A72B4B007914E0 /* libssl.dylib in Frameworks */ = {isa = PBXBuildFile; fileRef = 013806FB12A72B4B007914E0 /* libssl.dylib */; };
		0138070412A72B4B007914E0 /* libcrypto.dylib in Frameworks */ = {isa = PBXBuildFile; fileRef = 013806FC12A72B4B007914E0 /* libcrypto.dylib */; };
		0138070512A72B4B007914E0 /* ApplicationServices.framework in Frameworks */ = {isa = PBXBuildFile; fileRef = 013806FD12A72B4B007914E0 /* ApplicationServices.framework */; };
		0138070612A72B4B007914E0 /* SecurityInterface.framework in Frameworks */ = {isa = PBXBuildFile; fileRef = 013806FE12A72B4B007914E0 /* SecurityInterface.framework */; };
		0138070712A72B4B007914E0 /* Carbon.framework in Frameworks */ = {isa = PBXBuildFile; fileRef = 013806FF12A72B4B007914E0 /* Carbon.framework */; };
		0138070812A72B4B007914E0 /* Security.framework in Frameworks */ = {isa = PBXBuildFile; fileRef = 0138070012A72B4B007914E0 /* Security.framework */; };
		0138070912A72B4B007914E0 /* libcurl.dylib in Frameworks */ = {isa = PBXBuildFile; fileRef = 0138070112A72B4B007914E0 /* libcurl.dylib */; };
		01380B3112A75086007914E0 /* DAVKit.framework in Frameworks */ = {isa = PBXBuildFile; fileRef = 01380B3012A75086007914E0 /* DAVKit.framework */; };
		01380B4412A750A4007914E0 /* DAVKit.framework in CopyFiles */ = {isa = PBXBuildFile; fileRef = 01380B3012A75086007914E0 /* DAVKit.framework */; };
		0148FF9C134D0EA600A04240 /* index_template_old.html in Resources */ = {isa = PBXBuildFile; fileRef = 0148FF9B134D0EA600A04240 /* index_template_old.html */; };
		0156655F16A9A12A00EEF078 /* libz.dylib in Frameworks */ = {isa = PBXBuildFile; fileRef = 0156655E16A9A12A00EEF078 /* libz.dylib */; };
		01C5724B12A96FAB00F88ECC /* fixpng.c in Sources */ = {isa = PBXBuildFile; fileRef = 01C5724A12A96FAB00F88ECC /* fixpng.c */; };
		01C5724E12A96FC800F88ECC /* flipchannels.c in Sources */ = {isa = PBXBuildFile; fileRef = 01C5724D12A96FC800F88ECC /* flipchannels.c */; };
		01C5727912A9709C00F88ECC /* png.c in Sources */ = {isa = PBXBuildFile; fileRef = 01C5726612A9709C00F88ECC /* png.c */; };
		01C5727A12A9709C00F88ECC /* pngerror.c in Sources */ = {isa = PBXBuildFile; fileRef = 01C5726912A9709C00F88ECC /* pngerror.c */; };
		01C5727B12A9709C00F88ECC /* pnggccrd.c in Sources */ = {isa = PBXBuildFile; fileRef = 01C5726A12A9709C00F88ECC /* pnggccrd.c */; };
		01C5727C12A9709C00F88ECC /* pngget.c in Sources */ = {isa = PBXBuildFile; fileRef = 01C5726B12A9709C00F88ECC /* pngget.c */; };
		01C5727D12A9709C00F88ECC /* pngmem.c in Sources */ = {isa = PBXBuildFile; fileRef = 01C5726C12A9709C00F88ECC /* pngmem.c */; };
		01C5727E12A9709C00F88ECC /* pngpread.c in Sources */ = {isa = PBXBuildFile; fileRef = 01C5726D12A9709C00F88ECC /* pngpread.c */; };
		01C5727F12A9709C00F88ECC /* pngread.c in Sources */ = {isa = PBXBuildFile; fileRef = 01C5726E12A9709C00F88ECC /* pngread.c */; };
		01C5728012A9709C00F88ECC /* pngrio.c in Sources */ = {isa = PBXBuildFile; fileRef = 01C5726F12A9709C00F88ECC /* pngrio.c */; };
		01C5728112A9709C00F88ECC /* pngrtran.c in Sources */ = {isa = PBXBuildFile; fileRef = 01C5727012A9709C00F88ECC /* pngrtran.c */; };
		01C5728212A9709C00F88ECC /* pngrutil.c in Sources */ = {isa = PBXBuildFile; fileRef = 01C5727112A9709C00F88ECC /* pngrutil.c */; };
		01C5728312A9709C00F88ECC /* pngset.c in Sources */ = {isa = PBXBuildFile; fileRef = 01C5727212A9709C00F88ECC /* pngset.c */; };
		01C5728412A9709C00F88ECC /* pngtrans.c in Sources */ = {isa = PBXBuildFile; fileRef = 01C5727312A9709C00F88ECC /* pngtrans.c */; };
		01C5728512A9709C00F88ECC /* pngvcrd.c in Sources */ = {isa = PBXBuildFile; fileRef = 01C5727412A9709C00F88ECC /* pngvcrd.c */; };
		01C5728612A9709C00F88ECC /* pngwio.c in Sources */ = {isa = PBXBuildFile; fileRef = 01C5727512A9709C00F88ECC /* pngwio.c */; };
		01C5728712A9709C00F88ECC /* pngwrite.c in Sources */ = {isa = PBXBuildFile; fileRef = 01C5727612A9709C00F88ECC /* pngwrite.c */; };
		01C5728812A9709C00F88ECC /* pngwtran.c in Sources */ = {isa = PBXBuildFile; fileRef = 01C5727712A9709C00F88ECC /* pngwtran.c */; };
		01C5728912A9709C00F88ECC /* pngwutil.c in Sources */ = {isa = PBXBuildFile; fileRef = 01C5727812A9709C00F88ECC /* pngwutil.c */; };
		01D32C5712A95D1A00213194 /* NSPasswordPanel.mm in Sources */ = {isa = PBXBuildFile; fileRef = 01D32C5612A95D1A00213194 /* NSPasswordPanel.mm */; };
		1DDD58160DA1D0A300B32029 /* MainMenu.xib in Resources */ = {isa = PBXBuildFile; fileRef = 1DDD58140DA1D0A300B32029 /* MainMenu.xib */; };
		256AC3DA0F4B6AC300CF3369 /* BetaBuilderAppDelegate.m in Sources */ = {isa = PBXBuildFile; fileRef = 256AC3D90F4B6AC300CF3369 /* BetaBuilderAppDelegate.m */; };
		5A23434A1211AB1F0098AAB8 /* ioapi.c in Sources */ = {isa = PBXBuildFile; fileRef = 5A2343401211AB1F0098AAB8 /* ioapi.c */; };
		5A23434B1211AB1F0098AAB8 /* mztools.c in Sources */ = {isa = PBXBuildFile; fileRef = 5A2343421211AB1F0098AAB8 /* mztools.c */; };
		5A23434C1211AB1F0098AAB8 /* unzip.c in Sources */ = {isa = PBXBuildFile; fileRef = 5A2343441211AB1F0098AAB8 /* unzip.c */; };
		5A23434D1211AB1F0098AAB8 /* zip.c in Sources */ = {isa = PBXBuildFile; fileRef = 5A2343461211AB1F0098AAB8 /* zip.c */; };
		5A23434E1211AB1F0098AAB8 /* ZipArchive.mm in Sources */ = {isa = PBXBuildFile; fileRef = 5A2343491211AB1F0098AAB8 /* ZipArchive.mm */; };
		5AA4E39D120DE13300385530 /* BuilderController.m in Sources */ = {isa = PBXBuildFile; fileRef = 5AA4E39C120DE13300385530 /* BuilderController.m */; };
		5AA4E409120DE84F00385530 /* index_template.html in Resources */ = {isa = PBXBuildFile; fileRef = 5AA4E408120DE84F00385530 /* index_template.html */; };
		5AA4E491120DF21D00385530 /* README in Resources */ = {isa = PBXBuildFile; fileRef = 5AA4E490120DF21D00385530 /* README */; };
		5AB3C6151224870100778CFC /* Credits.html in Resources */ = {isa = PBXBuildFile; fileRef = 5AB3C6141224870100778CFC /* Credits.html */; };
		8D11072B0486CEB800E47090 /* InfoPlist.strings in Resources */ = {isa = PBXBuildFile; fileRef = 089C165CFE840E0CC02AAC07 /* InfoPlist.strings */; };
		8D11072D0486CEB800E47090 /* main.m in Sources */ = {isa = PBXBuildFile; fileRef = 29B97316FDCFA39411CA2CEA /* main.m */; settings = {ATTRIBUTES = (); }; };
		8D11072F0486CEB800E47090 /* Cocoa.framework in Frameworks */ = {isa = PBXBuildFile; fileRef = 1058C7A1FEA54F0111CA2CBB /* Cocoa.framework */; };
/* End PBXBuildFile section */

/* Begin PBXCopyFilesBuildPhase section */
		0138081812A7323E007914E0 /* CopyFiles */ = {
			isa = PBXCopyFilesBuildPhase;
			buildActionMask = 2147483647;
			dstPath = "";
			dstSubfolderSpec = 10;
			files = (
				01380B4412A750A4007914E0 /* DAVKit.framework in CopyFiles */,
			);
			runOnlyForDeploymentPostprocessing = 0;
		};
/* End PBXCopyFilesBuildPhase section */

/* Begin PBXFileReference section */
		013806FA12A72B4B007914E0 /* libicucore.A.dylib */ = {isa = PBXFileReference; lastKnownFileType = "compiled.mach-o.dylib"; name = libicucore.A.dylib; path = /usr/lib/libicucore.A.dylib; sourceTree = "<absolute>"; };
		013806FB12A72B4B007914E0 /* libssl.dylib */ = {isa = PBXFileReference; lastKnownFileType = "compiled.mach-o.dylib"; name = libssl.dylib; path = /usr/lib/libssl.dylib; sourceTree = "<absolute>"; };
		013806FC12A72B4B007914E0 /* libcrypto.dylib */ = {isa = PBXFileReference; lastKnownFileType = "compiled.mach-o.dylib"; name = libcrypto.dylib; path = /usr/lib/libcrypto.dylib; sourceTree = "<absolute>"; };
		013806FD12A72B4B007914E0 /* ApplicationServices.framework */ = {isa = PBXFileReference; lastKnownFileType = wrapper.framework; name = ApplicationServices.framework; path = /System/Library/Frameworks/ApplicationServices.framework; sourceTree = "<absolute>"; };
		013806FE12A72B4B007914E0 /* SecurityInterface.framework */ = {isa = PBXFileReference; lastKnownFileType = wrapper.framework; name = SecurityInterface.framework; path = /System/Library/Frameworks/SecurityInterface.framework; sourceTree = "<absolute>"; };
		013806FF12A72B4B007914E0 /* Carbon.framework */ = {isa = PBXFileReference; lastKnownFileType = wrapper.framework; name = Carbon.framework; path = /System/Library/Frameworks/Carbon.framework; sourceTree = "<absolute>"; };
		0138070012A72B4B007914E0 /* Security.framework */ = {isa = PBXFileReference; lastKnownFileType = wrapper.framework; name = Security.framework; path = /System/Library/Frameworks/Security.framework; sourceTree = "<absolute>"; };
		0138070112A72B4B007914E0 /* libcurl.dylib */ = {isa = PBXFileReference; lastKnownFileType = "compiled.mach-o.dylib"; name = libcurl.dylib; path = /usr/lib/libcurl.dylib; sourceTree = "<absolute>"; };
		01380B3012A75086007914E0 /* DAVKit.framework */ = {isa = PBXFileReference; lastKnownFileType = wrapper.framework; name = DAVKit.framework; path = DAVKit/build/Debug/DAVKit.framework; sourceTree = "<group>"; };
		0148FF9B134D0EA600A04240 /* index_template_old.html */ = {isa = PBXFileReference; fileEncoding = 4; lastKnownFileType = text.html; path = index_template_old.html; sourceTree = "<group>"; };
		0156655E16A9A12A00EEF078 /* libz.dylib */ = {isa = PBXFileReference; lastKnownFileType = "compiled.mach-o.dylib"; name = libz.dylib; path = ../../../../usr/lib/libz.dylib; sourceTree = "<group>"; };
		01C5724912A96FAB00F88ECC /* fixpng.h */ = {isa = PBXFileReference; fileEncoding = 4; lastKnownFileType = sourcecode.c.h; path = fixpng.h; sourceTree = "<group>"; };
		01C5724A12A96FAB00F88ECC /* fixpng.c */ = {isa = PBXFileReference; fileEncoding = 4; lastKnownFileType = sourcecode.c.c; path = fixpng.c; sourceTree = "<group>"; };
		01C5724C12A96FC800F88ECC /* flipchannels.h */ = {isa = PBXFileReference; fileEncoding = 4; lastKnownFileType = sourcecode.c.h; path = flipchannels.h; sourceTree = "<group>"; };
		01C5724D12A96FC800F88ECC /* flipchannels.c */ = {isa = PBXFileReference; fileEncoding = 4; lastKnownFileType = sourcecode.c.c; path = flipchannels.c; sourceTree = "<group>"; };
		01C5726612A9709C00F88ECC /* png.c */ = {isa = PBXFileReference; fileEncoding = 4; lastKnownFileType = sourcecode.c.c; path = png.c; sourceTree = "<group>"; };
		01C5726712A9709C00F88ECC /* png.h */ = {isa = PBXFileReference; fileEncoding = 4; lastKnownFileType = sourcecode.c.h; path = png.h; sourceTree = "<group>"; };
		01C5726812A9709C00F88ECC /* pngconf.h */ = {isa = PBXFileReference; fileEncoding = 4; lastKnownFileType = sourcecode.c.h; path = pngconf.h; sourceTree = "<group>"; };
		01C5726912A9709C00F88ECC /* pngerror.c */ = {isa = PBXFileReference; fileEncoding = 4; lastKnownFileType = sourcecode.c.c; path = pngerror.c; sourceTree = "<group>"; };
		01C5726A12A9709C00F88ECC /* pnggccrd.c */ = {isa = PBXFileReference; fileEncoding = 4; lastKnownFileType = sourcecode.c.c; path = pnggccrd.c; sourceTree = "<group>"; };
		01C5726B12A9709C00F88ECC /* pngget.c */ = {isa = PBXFileReference; fileEncoding = 4; lastKnownFileType = sourcecode.c.c; path = pngget.c; sourceTree = "<group>"; };
		01C5726C12A9709C00F88ECC /* pngmem.c */ = {isa = PBXFileReference; fileEncoding = 4; lastKnownFileType = sourcecode.c.c; path = pngmem.c; sourceTree = "<group>"; };
		01C5726D12A9709C00F88ECC /* pngpread.c */ = {isa = PBXFileReference; fileEncoding = 4; lastKnownFileType = sourcecode.c.c; path = pngpread.c; sourceTree = "<group>"; };
		01C5726E12A9709C00F88ECC /* pngread.c */ = {isa = PBXFileReference; fileEncoding = 4; lastKnownFileType = sourcecode.c.c; path = pngread.c; sourceTree = "<group>"; };
		01C5726F12A9709C00F88ECC /* pngrio.c */ = {isa = PBXFileReference; fileEncoding = 4; lastKnownFileType = sourcecode.c.c; path = pngrio.c; sourceTree = "<group>"; };
		01C5727012A9709C00F88ECC /* pngrtran.c */ = {isa = PBXFileReference; fileEncoding = 4; lastKnownFileType = sourcecode.c.c; path = pngrtran.c; sourceTree = "<group>"; };
		01C5727112A9709C00F88ECC /* pngrutil.c */ = {isa = PBXFileReference; fileEncoding = 4; lastKnownFileType = sourcecode.c.c; path = pngrutil.c; sourceTree = "<group>"; };
		01C5727212A9709C00F88ECC /* pngset.c */ = {isa = PBXFileReference; fileEncoding = 4; lastKnownFileType = sourcecode.c.c; path = pngset.c; sourceTree = "<group>"; };
		01C5727312A9709C00F88ECC /* pngtrans.c */ = {isa = PBXFileReference; fileEncoding = 4; lastKnownFileType = sourcecode.c.c; path = pngtrans.c; sourceTree = "<group>"; };
		01C5727412A9709C00F88ECC /* pngvcrd.c */ = {isa = PBXFileReference; fileEncoding = 4; lastKnownFileType = sourcecode.c.c; path = pngvcrd.c; sourceTree = "<group>"; };
		01C5727512A9709C00F88ECC /* pngwio.c */ = {isa = PBXFileReference; fileEncoding = 4; lastKnownFileType = sourcecode.c.c; path = pngwio.c; sourceTree = "<group>"; };
		01C5727612A9709C00F88ECC /* pngwrite.c */ = {isa = PBXFileReference; fileEncoding = 4; lastKnownFileType = sourcecode.c.c; path = pngwrite.c; sourceTree = "<group>"; };
		01C5727712A9709C00F88ECC /* pngwtran.c */ = {isa = PBXFileReference; fileEncoding = 4; lastKnownFileType = sourcecode.c.c; path = pngwtran.c; sourceTree = "<group>"; };
		01C5727812A9709C00F88ECC /* pngwutil.c */ = {isa = PBXFileReference; fileEncoding = 4; lastKnownFileType = sourcecode.c.c; path = pngwutil.c; sourceTree = "<group>"; };
		01D32C5512A95D1A00213194 /* NSPasswordPanel.h */ = {isa = PBXFileReference; fileEncoding = 4; lastKnownFileType = sourcecode.c.h; path = NSPasswordPanel.h; sourceTree = "<group>"; };
		01D32C5612A95D1A00213194 /* NSPasswordPanel.mm */ = {isa = PBXFileReference; fileEncoding = 4; lastKnownFileType = sourcecode.cpp.objcpp; path = NSPasswordPanel.mm; sourceTree = "<group>"; };
		089C165DFE840E0CC02AAC07 /* English */ = {isa = PBXFileReference; fileEncoding = 4; lastKnownFileType = text.plist.strings; name = English; path = English.lproj/InfoPlist.strings; sourceTree = "<group>"; };
		1058C7A1FEA54F0111CA2CBB /* Cocoa.framework */ = {isa = PBXFileReference; lastKnownFileType = wrapper.framework; name = Cocoa.framework; path = /System/Library/Frameworks/Cocoa.framework; sourceTree = "<absolute>"; };
		13E42FB307B3F0F600E4EEF1 /* CoreData.framework */ = {isa = PBXFileReference; lastKnownFileType = wrapper.framework; name = CoreData.framework; path = /System/Library/Frameworks/CoreData.framework; sourceTree = "<absolute>"; };
		1DDD58150DA1D0A300B32029 /* English */ = {isa = PBXFileReference; lastKnownFileType = file.xib; name = English; path = English.lproj/MainMenu.xib; sourceTree = "<group>"; };
		256AC3D80F4B6AC300CF3369 /* BetaBuilderAppDelegate.h */ = {isa = PBXFileReference; fileEncoding = 4; lastKnownFileType = sourcecode.c.h; path = BetaBuilderAppDelegate.h; sourceTree = "<group>"; };
		256AC3D90F4B6AC300CF3369 /* BetaBuilderAppDelegate.m */ = {isa = PBXFileReference; fileEncoding = 4; lastKnownFileType = sourcecode.c.objc; path = BetaBuilderAppDelegate.m; sourceTree = "<group>"; };
		256AC3F00F4B6AF500CF3369 /* BetaBuilder_Prefix.pch */ = {isa = PBXFileReference; fileEncoding = 4; lastKnownFileType = sourcecode.c.h; path = BetaBuilder_Prefix.pch; sourceTree = "<group>"; };
		29B97316FDCFA39411CA2CEA /* main.m */ = {isa = PBXFileReference; fileEncoding = 4; lastKnownFileType = sourcecode.c.objc; path = main.m; sourceTree = "<group>"; };
		29B97324FDCFA39411CA2CEA /* AppKit.framework */ = {isa = PBXFileReference; lastKnownFileType = wrapper.framework; name = AppKit.framework; path = /System/Library/Frameworks/AppKit.framework; sourceTree = "<absolute>"; };
		29B97325FDCFA39411CA2CEA /* Foundation.framework */ = {isa = PBXFileReference; lastKnownFileType = wrapper.framework; name = Foundation.framework; path = /System/Library/Frameworks/Foundation.framework; sourceTree = "<absolute>"; };
		5A23433F1211AB1F0098AAB8 /* crypt.h */ = {isa = PBXFileReference; fileEncoding = 4; lastKnownFileType = sourcecode.c.h; path = crypt.h; sourceTree = "<group>"; };
		5A2343401211AB1F0098AAB8 /* ioapi.c */ = {isa = PBXFileReference; fileEncoding = 4; lastKnownFileType = sourcecode.c.c; path = ioapi.c; sourceTree = "<group>"; };
		5A2343411211AB1F0098AAB8 /* ioapi.h */ = {isa = PBXFileReference; fileEncoding = 4; lastKnownFileType = sourcecode.c.h; path = ioapi.h; sourceTree = "<group>"; };
		5A2343421211AB1F0098AAB8 /* mztools.c */ = {isa = PBXFileReference; fileEncoding = 4; lastKnownFileType = sourcecode.c.c; path = mztools.c; sourceTree = "<group>"; };
		5A2343431211AB1F0098AAB8 /* mztools.h */ = {isa = PBXFileReference; fileEncoding = 4; lastKnownFileType = sourcecode.c.h; path = mztools.h; sourceTree = "<group>"; };
		5A2343441211AB1F0098AAB8 /* unzip.c */ = {isa = PBXFileReference; fileEncoding = 4; lastKnownFileType = sourcecode.c.c; path = unzip.c; sourceTree = "<group>"; };
		5A2343451211AB1F0098AAB8 /* unzip.h */ = {isa = PBXFileReference; fileEncoding = 4; lastKnownFileType = sourcecode.c.h; path = unzip.h; sourceTree = "<group>"; };
		5A2343461211AB1F0098AAB8 /* zip.c */ = {isa = PBXFileReference; fileEncoding = 4; lastKnownFileType = sourcecode.c.c; path = zip.c; sourceTree = "<group>"; };
		5A2343471211AB1F0098AAB8 /* zip.h */ = {isa = PBXFileReference; fileEncoding = 4; lastKnownFileType = sourcecode.c.h; path = zip.h; sourceTree = "<group>"; };
		5A2343481211AB1F0098AAB8 /* ZipArchive.h */ = {isa = PBXFileReference; fileEncoding = 4; lastKnownFileType = sourcecode.c.h; path = ZipArchive.h; sourceTree = "<group>"; };
		5A2343491211AB1F0098AAB8 /* ZipArchive.mm */ = {isa = PBXFileReference; fileEncoding = 4; lastKnownFileType = sourcecode.cpp.objcpp; path = ZipArchive.mm; sourceTree = "<group>"; };
		5A23435B1211ABD40098AAB8 /* libz.1.2.3.dylib */ = {isa = PBXFileReference; lastKnownFileType = "compiled.mach-o.dylib"; name = libz.1.2.3.dylib; path = usr/lib/libz.1.2.3.dylib; sourceTree = SDKROOT; };
		5AA4E39B120DE13300385530 /* BuilderController.h */ = {isa = PBXFileReference; fileEncoding = 4; lastKnownFileType = sourcecode.c.h; path = BuilderController.h; sourceTree = "<group>"; };
		5AA4E39C120DE13300385530 /* BuilderController.m */ = {isa = PBXFileReference; fileEncoding = 4; lastKnownFileType = sourcecode.c.objc; path = BuilderController.m; sourceTree = "<group>"; };
		5AA4E408120DE84F00385530 /* index_template.html */ = {isa = PBXFileReference; fileEncoding = 4; lastKnownFileType = text.html; path = index_template.html; sourceTree = "<group>"; };
		5AA4E490120DF21D00385530 /* README */ = {isa = PBXFileReference; fileEncoding = 4; lastKnownFileType = text; path = README; sourceTree = "<group>"; };
		5AB3C6141224870100778CFC /* Credits.html */ = {isa = PBXFileReference; fileEncoding = 4; lastKnownFileType = text.html; path = Credits.html; sourceTree = "<group>"; };
		8D1107310486CEB800E47090 /* BetaBuilder-Info.plist */ = {isa = PBXFileReference; fileEncoding = 4; lastKnownFileType = text.plist.xml; path = "BetaBuilder-Info.plist"; sourceTree = "<group>"; };
		8D1107320486CEB800E47090 /* BetaBuilder.app */ = {isa = PBXFileReference; explicitFileType = wrapper.application; includeInIndex = 0; path = BetaBuilder.app; sourceTree = BUILT_PRODUCTS_DIR; };
/* End PBXFileReference section */

/* Begin PBXFrameworksBuildPhase section */
		8D11072E0486CEB800E47090 /* Frameworks */ = {
			isa = PBXFrameworksBuildPhase;
			buildActionMask = 2147483647;
			files = (
				0156655F16A9A12A00EEF078 /* libz.dylib in Frameworks */,
				8D11072F0486CEB800E47090 /* Cocoa.framework in Frameworks */,
				0138070212A72B4B007914E0 /* libicucore.A.dylib in Frameworks */,
				0138070312A72B4B007914E0 /* libssl.dylib in Frameworks */,
				0138070412A72B4B007914E0 /* libcrypto.dylib in Frameworks */,
				0138070512A72B4B007914E0 /* ApplicationServices.framework in Frameworks */,
				0138070612A72B4B007914E0 /* SecurityInterface.framework in Frameworks */,
				0138070712A72B4B007914E0 /* Carbon.framework in Frameworks */,
				0138070812A72B4B007914E0 /* Security.framework in Frameworks */,
				0138070912A72B4B007914E0 /* libcurl.dylib in Frameworks */,
				01380B3112A75086007914E0 /* DAVKit.framework in Frameworks */,
			);
			runOnlyForDeploymentPostprocessing = 0;
		};
/* End PBXFrameworksBuildPhase section */

/* Begin PBXGroup section */
		01C5726512A9709C00F88ECC /* libpng */ = {
			isa = PBXGroup;
			children = (
				01C5726612A9709C00F88ECC /* png.c */,
				01C5726712A9709C00F88ECC /* png.h */,
				01C5726812A9709C00F88ECC /* pngconf.h */,
				01C5726912A9709C00F88ECC /* pngerror.c */,
				01C5726A12A9709C00F88ECC /* pnggccrd.c */,
				01C5726B12A9709C00F88ECC /* pngget.c */,
				01C5726C12A9709C00F88ECC /* pngmem.c */,
				01C5726D12A9709C00F88ECC /* pngpread.c */,
				01C5726E12A9709C00F88ECC /* pngread.c */,
				01C5726F12A9709C00F88ECC /* pngrio.c */,
				01C5727012A9709C00F88ECC /* pngrtran.c */,
				01C5727112A9709C00F88ECC /* pngrutil.c */,
				01C5727212A9709C00F88ECC /* pngset.c */,
				01C5727312A9709C00F88ECC /* pngtrans.c */,
				01C5727412A9709C00F88ECC /* pngvcrd.c */,
				01C5727512A9709C00F88ECC /* pngwio.c */,
				01C5727612A9709C00F88ECC /* pngwrite.c */,
				01C5727712A9709C00F88ECC /* pngwtran.c */,
				01C5727812A9709C00F88ECC /* pngwutil.c */,
			);
			path = libpng;
			sourceTree = "<group>";
		};
		080E96DDFE201D6D7F000001 /* Classes */ = {
			isa = PBXGroup;
			children = (
				01C5726512A9709C00F88ECC /* libpng */,
				5A23433D1211AB1F0098AAB8 /* ZipArchive */,
				256AC3D80F4B6AC300CF3369 /* BetaBuilderAppDelegate.h */,
				256AC3D90F4B6AC300CF3369 /* BetaBuilderAppDelegate.m */,
				5AA4E39B120DE13300385530 /* BuilderController.h */,
				5AA4E39C120DE13300385530 /* BuilderController.m */,
				01D32C5512A95D1A00213194 /* NSPasswordPanel.h */,
				01D32C5612A95D1A00213194 /* NSPasswordPanel.mm */,
				01C5724912A96FAB00F88ECC /* fixpng.h */,
				01C5724A12A96FAB00F88ECC /* fixpng.c */,
				01C5724C12A96FC800F88ECC /* flipchannels.h */,
				01C5724D12A96FC800F88ECC /* flipchannels.c */,
			);
			name = Classes;
			sourceTree = "<group>";
		};
		1058C7A0FEA54F0111CA2CBB /* Linked Frameworks */ = {
			isa = PBXGroup;
			children = (
				013806FA12A72B4B007914E0 /* libicucore.A.dylib */,
				013806FB12A72B4B007914E0 /* libssl.dylib */,
				013806FC12A72B4B007914E0 /* libcrypto.dylib */,
				013806FD12A72B4B007914E0 /* ApplicationServices.framework */,
				013806FE12A72B4B007914E0 /* SecurityInterface.framework */,
				013806FF12A72B4B007914E0 /* Carbon.framework */,
				0138070012A72B4B007914E0 /* Security.framework */,
				0138070112A72B4B007914E0 /* libcurl.dylib */,
				5A23435B1211ABD40098AAB8 /* libz.1.2.3.dylib */,
				1058C7A1FEA54F0111CA2CBB /* Cocoa.framework */,
			);
			name = "Linked Frameworks";
			sourceTree = "<group>";
		};
		1058C7A2FEA54F0111CA2CBB /* Other Frameworks */ = {
			isa = PBXGroup;
			children = (
				29B97324FDCFA39411CA2CEA /* AppKit.framework */,
				13E42FB307B3F0F600E4EEF1 /* CoreData.framework */,
				29B97325FDCFA39411CA2CEA /* Foundation.framework */,
			);
			name = "Other Frameworks";
			sourceTree = "<group>";
		};
		19C28FACFE9D520D11CA2CBB /* Products */ = {
			isa = PBXGroup;
			children = (
				8D1107320486CEB800E47090 /* BetaBuilder.app */,
			);
			name = Products;
			sourceTree = "<group>";
		};
		29B97314FDCFA39411CA2CEA /* BetaBuilder */ = {
			isa = PBXGroup;
			children = (
				0156655E16A9A12A00EEF078 /* libz.dylib */,
				080E96DDFE201D6D7F000001 /* Classes */,
				29B97315FDCFA39411CA2CEA /* Other Sources */,
				29B97317FDCFA39411CA2CEA /* Resources */,
				29B97323FDCFA39411CA2CEA /* Frameworks */,
				19C28FACFE9D520D11CA2CBB /* Products */,
			);
			name = BetaBuilder;
			sourceTree = "<group>";
		};
		29B97315FDCFA39411CA2CEA /* Other Sources */ = {
			isa = PBXGroup;
			children = (
				256AC3F00F4B6AF500CF3369 /* BetaBuilder_Prefix.pch */,
				29B97316FDCFA39411CA2CEA /* main.m */,
			);
			name = "Other Sources";
			sourceTree = "<group>";
		};
		29B97317FDCFA39411CA2CEA /* Resources */ = {
			isa = PBXGroup;
			children = (
				8D1107310486CEB800E47090 /* BetaBuilder-Info.plist */,
				089C165CFE840E0CC02AAC07 /* InfoPlist.strings */,
				1DDD58140DA1D0A300B32029 /* MainMenu.xib */,
				5AA4E408120DE84F00385530 /* index_template.html */,
				0148FF9B134D0EA600A04240 /* index_template_old.html */,
				5AA4E490120DF21D00385530 /* README */,
				5AB3C6141224870100778CFC /* Credits.html */,
			);
			name = Resources;
			sourceTree = "<group>";
		};
		29B97323FDCFA39411CA2CEA /* Frameworks */ = {
			isa = PBXGroup;
			children = (
				01380B3012A75086007914E0 /* DAVKit.framework */,
				1058C7A0FEA54F0111CA2CBB /* Linked Frameworks */,
				1058C7A2FEA54F0111CA2CBB /* Other Frameworks */,
			);
			name = Frameworks;
			sourceTree = "<group>";
		};
		5A23433D1211AB1F0098AAB8 /* ZipArchive */ = {
			isa = PBXGroup;
			children = (
				5A23433E1211AB1F0098AAB8 /* minizip */,
				5A2343481211AB1F0098AAB8 /* ZipArchive.h */,
				5A2343491211AB1F0098AAB8 /* ZipArchive.mm */,
			);
			path = ZipArchive;
			sourceTree = "<group>";
		};
		5A23433E1211AB1F0098AAB8 /* minizip */ = {
			isa = PBXGroup;
			children = (
				5A23433F1211AB1F0098AAB8 /* crypt.h */,
				5A2343401211AB1F0098AAB8 /* ioapi.c */,
				5A2343411211AB1F0098AAB8 /* ioapi.h */,
				5A2343421211AB1F0098AAB8 /* mztools.c */,
				5A2343431211AB1F0098AAB8 /* mztools.h */,
				5A2343441211AB1F0098AAB8 /* unzip.c */,
				5A2343451211AB1F0098AAB8 /* unzip.h */,
				5A2343461211AB1F0098AAB8 /* zip.c */,
				5A2343471211AB1F0098AAB8 /* zip.h */,
			);
			path = minizip;
			sourceTree = "<group>";
		};
/* End PBXGroup section */

/* Begin PBXNativeTarget section */
		8D1107260486CEB800E47090 /* BetaBuilder */ = {
			isa = PBXNativeTarget;
			buildConfigurationList = C01FCF4A08A954540054247B /* Build configuration list for PBXNativeTarget "BetaBuilder" */;
			buildPhases = (
				8D1107290486CEB800E47090 /* Resources */,
				8D11072C0486CEB800E47090 /* Sources */,
				8D11072E0486CEB800E47090 /* Frameworks */,
				0138081812A7323E007914E0 /* CopyFiles */,
			);
			buildRules = (
			);
			dependencies = (
			);
			name = BetaBuilder;
			productInstallPath = "$(HOME)/Applications";
			productName = BetaBuilder;
			productReference = 8D1107320486CEB800E47090 /* BetaBuilder.app */;
			productType = "com.apple.product-type.application";
		};
/* End PBXNativeTarget section */

/* Begin PBXProject section */
		29B97313FDCFA39411CA2CEA /* Project object */ = {
			isa = PBXProject;
			buildConfigurationList = C01FCF4E08A954540054247B /* Build configuration list for PBXProject "BetaBuilder" */;
			compatibilityVersion = "Xcode 3.1";
			developmentRegion = English;
			hasScannedForEncodings = 1;
			knownRegions = (
				English,
				Japanese,
				French,
				German,
			);
			mainGroup = 29B97314FDCFA39411CA2CEA /* BetaBuilder */;
			projectDirPath = "";
			projectRoot = "";
			targets = (
				8D1107260486CEB800E47090 /* BetaBuilder */,
			);
		};
/* End PBXProject section */

/* Begin PBXResourcesBuildPhase section */
		8D1107290486CEB800E47090 /* Resources */ = {
			isa = PBXResourcesBuildPhase;
			buildActionMask = 2147483647;
			files = (
				8D11072B0486CEB800E47090 /* InfoPlist.strings in Resources */,
				1DDD58160DA1D0A300B32029 /* MainMenu.xib in Resources */,
				5AA4E409120DE84F00385530 /* index_template.html in Resources */,
				5AA4E491120DF21D00385530 /* README in Resources */,
				5AB3C6151224870100778CFC /* Credits.html in Resources */,
				0148FF9C134D0EA600A04240 /* index_template_old.html in Resources */,
			);
			runOnlyForDeploymentPostprocessing = 0;
		};
/* End PBXResourcesBuildPhase section */

/* Begin PBXSourcesBuildPhase section */
		8D11072C0486CEB800E47090 /* Sources */ = {
			isa = PBXSourcesBuildPhase;
			buildActionMask = 2147483647;
			files = (
				8D11072D0486CEB800E47090 /* main.m in Sources */,
				256AC3DA0F4B6AC300CF3369 /* BetaBuilderAppDelegate.m in Sources */,
				5AA4E39D120DE13300385530 /* BuilderController.m in Sources */,
				5A23434A1211AB1F0098AAB8 /* ioapi.c in Sources */,
				5A23434B1211AB1F0098AAB8 /* mztools.c in Sources */,
				5A23434C1211AB1F0098AAB8 /* unzip.c in Sources */,
				5A23434D1211AB1F0098AAB8 /* zip.c in Sources */,
				5A23434E1211AB1F0098AAB8 /* ZipArchive.mm in Sources */,
				01D32C5712A95D1A00213194 /* NSPasswordPanel.mm in Sources */,
				01C5724B12A96FAB00F88ECC /* fixpng.c in Sources */,
				01C5724E12A96FC800F88ECC /* flipchannels.c in Sources */,
				01C5727912A9709C00F88ECC /* png.c in Sources */,
				01C5727A12A9709C00F88ECC /* pngerror.c in Sources */,
				01C5727B12A9709C00F88ECC /* pnggccrd.c in Sources */,
				01C5727C12A9709C00F88ECC /* pngget.c in Sources */,
				01C5727D12A9709C00F88ECC /* pngmem.c in Sources */,
				01C5727E12A9709C00F88ECC /* pngpread.c in Sources */,
				01C5727F12A9709C00F88ECC /* pngread.c in Sources */,
				01C5728012A9709C00F88ECC /* pngrio.c in Sources */,
				01C5728112A9709C00F88ECC /* pngrtran.c in Sources */,
				01C5728212A9709C00F88ECC /* pngrutil.c in Sources */,
				01C5728312A9709C00F88ECC /* pngset.c in Sources */,
				01C5728412A9709C00F88ECC /* pngtrans.c in Sources */,
				01C5728512A9709C00F88ECC /* pngvcrd.c in Sources */,
				01C5728612A9709C00F88ECC /* pngwio.c in Sources */,
				01C5728712A9709C00F88ECC /* pngwrite.c in Sources */,
				01C5728812A9709C00F88ECC /* pngwtran.c in Sources */,
				01C5728912A9709C00F88ECC /* pngwutil.c in Sources */,
			);
			runOnlyForDeploymentPostprocessing = 0;
		};
/* End PBXSourcesBuildPhase section */

/* Begin PBXVariantGroup section */
		089C165CFE840E0CC02AAC07 /* InfoPlist.strings */ = {
			isa = PBXVariantGroup;
			children = (
				089C165DFE840E0CC02AAC07 /* English */,
			);
			name = InfoPlist.strings;
			sourceTree = "<group>";
		};
		1DDD58140DA1D0A300B32029 /* MainMenu.xib */ = {
			isa = PBXVariantGroup;
			children = (
				1DDD58150DA1D0A300B32029 /* English */,
			);
			name = MainMenu.xib;
			sourceTree = "<group>";
		};
/* End PBXVariantGroup section */

/* Begin XCBuildConfiguration section */
		C01FCF4B08A954540054247B /* Debug */ = {
			isa = XCBuildConfiguration;
			buildSettings = {
				ALWAYS_SEARCH_USER_PATHS = NO;
				COPY_PHASE_STRIP = NO;
				FRAMEWORK_SEARCH_PATHS = (
					"$(inherited)",
					"\"$(SRCROOT)/DAVKit/build/Debug\"",
				);
				GCC_DYNAMIC_NO_PIC = NO;
				GCC_ENABLE_FIX_AND_CONTINUE = YES;
				GCC_ENABLE_OBJC_GC = required;
				GCC_MODEL_TUNING = G5;
				GCC_OPTIMIZATION_LEVEL = 0;
				GCC_PRECOMPILE_PREFIX_HEADER = YES;
				GCC_PREFIX_HEADER = BetaBuilder_Prefix.pch;
				INFOPLIST_FILE = "BetaBuilder-Info.plist";
				INSTALL_PATH = "$(HOME)/Applications";
				PRODUCT_NAME = BetaBuilder;
			};
			name = Debug;
		};
		C01FCF4C08A954540054247B /* Release */ = {
			isa = XCBuildConfiguration;
			buildSettings = {
				ALWAYS_SEARCH_USER_PATHS = NO;
				DEBUG_INFORMATION_FORMAT = "dwarf-with-dsym";
				FRAMEWORK_SEARCH_PATHS = (
					"$(inherited)",
					"\"$(SRCROOT)/DAVKit/build/Debug\"",
				);
				GCC_ENABLE_OBJC_GC = required;
				GCC_MODEL_TUNING = G5;
				GCC_PRECOMPILE_PREFIX_HEADER = YES;
				GCC_PREFIX_HEADER = BetaBuilder_Prefix.pch;
				INFOPLIST_FILE = "BetaBuilder-Info.plist";
				INSTALL_PATH = "$(HOME)/Applications";
				PRODUCT_NAME = BetaBuilder;
			};
			name = Release;
		};
		C01FCF4F08A954540054247B /* Debug */ = {
			isa = XCBuildConfiguration;
			buildSettings = {
				ARCHS = "$(ARCHS_STANDARD_32_64_BIT)";
				GCC_C_LANGUAGE_STANDARD = gnu99;
				GCC_OPTIMIZATION_LEVEL = 0;
				GCC_WARN_ABOUT_RETURN_TYPE = YES;
				GCC_WARN_UNUSED_VARIABLE = YES;
				HEADER_SEARCH_PATHS = ".//**";
				ONLY_ACTIVE_ARCH = YES;
				PREBINDING = NO;
				SDKROOT = "";
			};
			name = Debug;
		};
		C01FCF5008A954540054247B /* Release */ = {
			isa = XCBuildConfiguration;
			buildSettings = {
				ARCHS = "$(ARCHS_STANDARD_32_64_BIT)";
				GCC_C_LANGUAGE_STANDARD = gnu99;
				GCC_WARN_ABOUT_RETURN_TYPE = YES;
				GCC_WARN_UNUSED_VARIABLE = YES;
				HEADER_SEARCH_PATHS = ".//**";
				PREBINDING = NO;
				SDKROOT = "";
			};
			name = Release;
		};
/* End XCBuildConfiguration section */

/* Begin XCConfigurationList section */
		C01FCF4A08A954540054247B /* Build configuration list for PBXNativeTarget "BetaBuilder" */ = {
			isa = XCConfigurationList;
			buildConfigurations = (
				C01FCF4B08A954540054247B /* Debug */,
				C01FCF4C08A954540054247B /* Release */,
			);
			defaultConfigurationIsVisible = 0;
			defaultConfigurationName = Release;
		};
		C01FCF4E08A954540054247B /* Build configuration list for PBXProject "BetaBuilder" */ = {
			isa = XCConfigurationList;
			buildConfigurations = (
				C01FCF4F08A954540054247B /* Debug */,
				C01FCF5008A954540054247B /* Release */,
			);
			defaultConfigurationIsVisible = 0;
			defaultConfigurationName = Release;
		};
/* End XCConfigurationList section */
	};
	rootObject = 29B97313FDCFA39411CA2CEA /* Project object */;
}
